
Microsoft Visual Studio Solution File, Format Version 12.00
# Visual Studio Version 17
VisualStudioVersion = 17.4.33110.190
MinimumVisualStudioVersion = 10.0.40219.1
Project("{FAE04EC0-301F-11D3-BF4B-00C04F79EFBC}") = "Tutoronic", "Tutoronic\Tutoronic.csproj", "{0F00638E-EF88-48F6-A1DA-0D8A33F0B54B}"
EndProject
Global
	GlobalSection(SolutionConfigurationPlatforms) = preSolution
		Debug|Any CPU = Debug|Any CPU
		Release|Any CPU = Release|Any CPU
	EndGlobalSection
	GlobalSection(ProjectConfigurationPlatforms) = postSolution
		{0F00638E-EF88-48F6-A1DA-0D8A33F0B54B}.Debug|Any CPU.ActiveCfg = Debug|Any CPU
		{0F00638E-EF88-48F6-A1DA-0D8A33F0B54B}.Debug|Any CPU.Build.0 = Debug|Any CPU
		{0F00638E-EF88-48F6-A1DA-0D8A33F0B54B}.Release|Any CPU.ActiveCfg = Release|Any CPU
		{0F00638E-EF88-48F6-A1DA-0D8A33F0B54B}.Release|Any CPU.Build.0 = Release|Any CPU
	EndGlobalSection
	GlobalSection(SolutionProperties) = preSolution
		HideSolutionNode = FALSE
	EndGlobalSection
	GlobalSection(ExtensibilityGlobals) = postSolution
		SolutionGuid = {11DEBF30-A539-438E-9946-36640B4A1F3E}
	EndGlobalSection
EndGlobal
